<?xml version="1.0" encoding="UTF-8"?>
<Scheme
   version = "1.3">
   <BuildAction>
      <BuildActionEntries>
         <BuildActionEntry
            buildForRunning = "YES">
            <BuildableReference
               BuildableIdentifier = "primary"
               BlueprintIdentifier = "8C0E3AEB23A2CB6C00D03CCB"
               BuildableName = "UIFromCode.app"
               BlueprintName = "UIFromCode"
               ReferencedContainer = "container:UIFromCode.xcodeproj">
            </BuildableReference>
         </BuildActionEntry>
      </BuildActionEntries>
   </BuildAction>
   <LaunchAction
      useCustomWorkingDirectory = "NO"
      buildConfiguration = "Debug"
      allowLocationSimulation = "YES">
      <BuildableProductRunnable>
         <BuildableReference
            BuildableIdentifier = "primary"
            BlueprintIdentifier = "8C0E3AEB23A2CB6C00D03CCB"
            BuildableName = "UIFromCode.app"
            BlueprintName = "UIFromCode"
            ReferencedContainer = "container:UIFromCode.xcodeproj">
         </BuildableReference>
      </BuildableProductRunnable>
   </LaunchAction>
</Scheme>
